
Microsoft Visual Studio Solution File, Format Version 12.00
# Visual Studio 15
VisualStudioVersion = 15.0.27428.2002
MinimumVisualStudioVersion = 10.0.40219.1
Project("{2150E333-8FDC-42A3-9474-1A3956D46DE8}") = "Creational", "Creational", "{53F1DAD7-3B8A-447C-858E-D37F52130C6D}"
EndProject
Project("{2150E333-8FDC-42A3-9474-1A3956D46DE8}") = "Structural", "Structural", "{D97A72BE-AF80-4D7D-89FD-D8F6C63122ED}"
EndProject
Project("{2150E333-8FDC-42A3-9474-1A3956D46DE8}") = "Behavioral", "Behavioral", "{AC8BDDA1-E762-41F3-80B8-51E87FEA5354}"
EndProject
Project("{FAE04EC0-301F-11D3-BF4B-00C04F79EFBC}") = "Composite", "Structural\Composite\Composite.csproj", "{BDF5E96E-D471-4BF0-84E6-0C5F064B9B75}"
EndProject
Project("{FAE04EC0-301F-11D3-BF4B-00C04F79EFBC}") = "Decorator", "Structural\Decorator\Decorator.csproj", "{F249A071-C107-47A3-84C3-FA96B6051A52}"
EndProject
Project("{FAE04EC0-301F-11D3-BF4B-00C04F79EFBC}") = "Facade", "Structural\Facade\Facade.csproj", "{27E1A1B7-80EA-44B0-856C-1EFCD30C059A}"
EndProject
Project("{FAE04EC0-301F-11D3-BF4B-00C04F79EFBC}") = "Flyweight", "Structural\Flyweight\Flyweight.csproj", "{3CD8C36F-706B-4476-9826-14986F4AA313}"
EndProject
Project("{FAE04EC0-301F-11D3-BF4B-00C04F79EFBC}") = "Proxy", "Structural\Proxy\Proxy.csproj", "{A51DD5DA-92B6-4EBF-A6A5-B658789067EB}"
EndProject
Project("{FAE04EC0-301F-11D3-BF4B-00C04F79EFBC}") = "ResponsibilityChain", "Behavioral\ResponsibilityChain\ResponsibilityChain.csproj", "{73F69FE8-AB69-40A7-B4DF-C267C282FF0B}"
EndProject
Project("{FAE04EC0-301F-11D3-BF4B-00C04F79EFBC}") = "Command", "Behavioral\Command\Command.csproj", "{B86601A7-6F56-464D-83D2-E86B909A8DB9}"
EndProject
Project("{FAE04EC0-301F-11D3-BF4B-00C04F79EFBC}") = "Interpreter", "Behavioral\Interpreter\Interpreter.csproj", "{69595138-5154-4CE9-B88B-FEF801A90DBE}"
EndProject
Project("{FAE04EC0-301F-11D3-BF4B-00C04F79EFBC}") = "Iterator", "Behavioral\Iterator\Iterator.csproj", "{7D67C7AC-1C4A-40F3-811E-B6BAAB54F521}"
EndProject
Project("{FAE04EC0-301F-11D3-BF4B-00C04F79EFBC}") = "Mediator", "Behavioral\Mediator\Mediator.csproj", "{615A4EBB-FE1F-4AD2-A185-5506B38290DF}"
EndProject
Project("{FAE04EC0-301F-11D3-BF4B-00C04F79EFBC}") = "Memento", "Behavioral\Memento\Memento.csproj", "{68252AB0-6D0A-4F6A-8E82-B9B75A0BBF94}"
EndProject
Project("{FAE04EC0-301F-11D3-BF4B-00C04F79EFBC}") = "Observer", "Behavioral\Observer\Observer.csproj", "{3F20777B-0373-42EA-84FF-C3FA3963D91B}"
EndProject
Project("{FAE04EC0-301F-11D3-BF4B-00C04F79EFBC}") = "State", "Behavioral\State\State.csproj", "{FFADBE35-7348-4B5F-BB41-A7FDC205834E}"
EndProject
Project("{FAE04EC0-301F-11D3-BF4B-00C04F79EFBC}") = "NullObject", "Behavioral\NullObject\NullObject.csproj", "{3270CEEB-8C6C-41B4-9146-B8100481A7A1}"
EndProject
Project("{FAE04EC0-301F-11D3-BF4B-00C04F79EFBC}") = "Strategy", "Behavioral\Strategy\Strategy.csproj", "{2F0928AA-55A6-4A1E-A32C-C197662ED5F0}"
EndProject
Project("{FAE04EC0-301F-11D3-BF4B-00C04F79EFBC}") = "Template", "Behavioral\Template\Template.csproj", "{ED741132-4140-4D32-8898-54BDAEF1170F}"
EndProject
Project("{FAE04EC0-301F-11D3-BF4B-00C04F79EFBC}") = "Visitor", "Behavioral\Visitor\Visitor.csproj", "{A15A9425-ABC6-4341-B290-82F7CB0F3681}"
EndProject
Project("{FAE04EC0-301F-11D3-BF4B-00C04F79EFBC}") = "Builder", "Builder\Builder.csproj", "{2A20C2EC-362C-46E9-9F52-71386645D8AF}"
EndProject
Project("{FAE04EC0-301F-11D3-BF4B-00C04F79EFBC}") = "Factory", "Creational\Factory\Factory.csproj", "{6E53760D-E271-4C45-A1E3-4C9DF8E19A65}"
EndProject
Project("{FAE04EC0-301F-11D3-BF4B-00C04F79EFBC}") = "AbstractFactory", "Creational\AbstractFactory\AbstractFactory.csproj", "{60A3C12A-255B-49D0-A2B2-6EE4E79C37E2}"
EndProject
Project("{FAE04EC0-301F-11D3-BF4B-00C04F79EFBC}") = "Singleton", "Creational\Singleton\Singleton.csproj", "{71CC9649-417B-48E2-821C-B6B393EF7865}"
EndProject
Project("{FAE04EC0-301F-11D3-BF4B-00C04F79EFBC}") = "Prototype", "Creational\Prototype\Prototype.csproj", "{B0495609-CC15-41CD-AAA6-889DC495C8F9}"
EndProject
Global
	GlobalSection(SolutionConfigurationPlatforms) = preSolution
		Debug|Any CPU = Debug|Any CPU
		Release|Any CPU = Release|Any CPU
	EndGlobalSection
	GlobalSection(ProjectConfigurationPlatforms) = postSolution
		{BDF5E96E-D471-4BF0-84E6-0C5F064B9B75}.Debug|Any CPU.ActiveCfg = Debug|Any CPU
		{BDF5E96E-D471-4BF0-84E6-0C5F064B9B75}.Debug|Any CPU.Build.0 = Debug|Any CPU
		{BDF5E96E-D471-4BF0-84E6-0C5F064B9B75}.Release|Any CPU.ActiveCfg = Release|Any CPU
		{BDF5E96E-D471-4BF0-84E6-0C5F064B9B75}.Release|Any CPU.Build.0 = Release|Any CPU
		{F249A071-C107-47A3-84C3-FA96B6051A52}.Debug|Any CPU.ActiveCfg = Debug|Any CPU
		{F249A071-C107-47A3-84C3-FA96B6051A52}.Debug|Any CPU.Build.0 = Debug|Any CPU
		{F249A071-C107-47A3-84C3-FA96B6051A52}.Release|Any CPU.ActiveCfg = Release|Any CPU
		{F249A071-C107-47A3-84C3-FA96B6051A52}.Release|Any CPU.Build.0 = Release|Any CPU
		{27E1A1B7-80EA-44B0-856C-1EFCD30C059A}.Debug|Any CPU.ActiveCfg = Debug|Any CPU
		{27E1A1B7-80EA-44B0-856C-1EFCD30C059A}.Debug|Any CPU.Build.0 = Debug|Any CPU
		{27E1A1B7-80EA-44B0-856C-1EFCD30C059A}.Release|Any CPU.ActiveCfg = Release|Any CPU
		{27E1A1B7-80EA-44B0-856C-1EFCD30C059A}.Release|Any CPU.Build.0 = Release|Any CPU
		{3CD8C36F-706B-4476-9826-14986F4AA313}.Debug|Any CPU.ActiveCfg = Debug|Any CPU
		{3CD8C36F-706B-4476-9826-14986F4AA313}.Debug|Any CPU.Build.0 = Debug|Any CPU
		{3CD8C36F-706B-4476-9826-14986F4AA313}.Release|Any CPU.ActiveCfg = Release|Any CPU
		{3CD8C36F-706B-4476-9826-14986F4AA313}.Release|Any CPU.Build.0 = Release|Any CPU
		{A51DD5DA-92B6-4EBF-A6A5-B658789067EB}.Debug|Any CPU.ActiveCfg = Debug|Any CPU
		{A51DD5DA-92B6-4EBF-A6A5-B658789067EB}.Debug|Any CPU.Build.0 = Debug|Any CPU
		{A51DD5DA-92B6-4EBF-A6A5-B658789067EB}.Release|Any CPU.ActiveCfg = Release|Any CPU
		{A51DD5DA-92B6-4EBF-A6A5-B658789067EB}.Release|Any CPU.Build.0 = Release|Any CPU
		{73F69FE8-AB69-40A7-B4DF-C267C282FF0B}.Debug|Any CPU.ActiveCfg = Debug|Any CPU
		{73F69FE8-AB69-40A7-B4DF-C267C282FF0B}.Debug|Any CPU.Build.0 = Debug|Any CPU
		{73F69FE8-AB69-40A7-B4DF-C267C282FF0B}.Release|Any CPU.ActiveCfg = Release|Any CPU
		{73F69FE8-AB69-40A7-B4DF-C267C282FF0B}.Release|Any CPU.Build.0 = Release|Any CPU
		{B86601A7-6F56-464D-83D2-E86B909A8DB9}.Debug|Any CPU.ActiveCfg = Debug|Any CPU
		{B86601A7-6F56-464D-83D2-E86B909A8DB9}.Debug|Any CPU.Build.0 = Debug|Any CPU
		{B86601A7-6F56-464D-83D2-E86B909A8DB9}.Release|Any CPU.ActiveCfg = Release|Any CPU
		{B86601A7-6F56-464D-83D2-E86B909A8DB9}.Release|Any CPU.Build.0 = Release|Any CPU
		{69595138-5154-4CE9-B88B-FEF801A90DBE}.Debug|Any CPU.ActiveCfg = Debug|Any CPU
		{69595138-5154-4CE9-B88B-FEF801A90DBE}.Debug|Any CPU.Build.0 = Debug|Any CPU
		{69595138-5154-4CE9-B88B-FEF801A90DBE}.Release|Any CPU.ActiveCfg = Release|Any CPU
		{69595138-5154-4CE9-B88B-FEF801A90DBE}.Release|Any CPU.Build.0 = Release|Any CPU
		{7D67C7AC-1C4A-40F3-811E-B6BAAB54F521}.Debug|Any CPU.ActiveCfg = Debug|Any CPU
		{7D67C7AC-1C4A-40F3-811E-B6BAAB54F521}.Debug|Any CPU.Build.0 = Debug|Any CPU
		{7D67C7AC-1C4A-40F3-811E-B6BAAB54F521}.Release|Any CPU.ActiveCfg = Release|Any CPU
		{7D67C7AC-1C4A-40F3-811E-B6BAAB54F521}.Release|Any CPU.Build.0 = Release|Any CPU
		{615A4EBB-FE1F-4AD2-A185-5506B38290DF}.Debug|Any CPU.ActiveCfg = Debug|Any CPU
		{615A4EBB-FE1F-4AD2-A185-5506B38290DF}.Debug|Any CPU.Build.0 = Debug|Any CPU
		{615A4EBB-FE1F-4AD2-A185-5506B38290DF}.Release|Any CPU.ActiveCfg = Release|Any CPU
		{615A4EBB-FE1F-4AD2-A185-5506B38290DF}.Release|Any CPU.Build.0 = Release|Any CPU
		{68252AB0-6D0A-4F6A-8E82-B9B75A0BBF94}.Debug|Any CPU.ActiveCfg = Debug|Any CPU
		{68252AB0-6D0A-4F6A-8E82-B9B75A0BBF94}.Debug|Any CPU.Build.0 = Debug|Any CPU
		{68252AB0-6D0A-4F6A-8E82-B9B75A0BBF94}.Release|Any CPU.ActiveCfg = Release|Any CPU
		{68252AB0-6D0A-4F6A-8E82-B9B75A0BBF94}.Release|Any CPU.Build.0 = Release|Any CPU
		{3F20777B-0373-42EA-84FF-C3FA3963D91B}.Debug|Any CPU.ActiveCfg = Debug|Any CPU
		{3F20777B-0373-42EA-84FF-C3FA3963D91B}.Debug|Any CPU.Build.0 = Debug|Any CPU
		{3F20777B-0373-42EA-84FF-C3FA3963D91B}.Release|Any CPU.ActiveCfg = Release|Any CPU
		{3F20777B-0373-42EA-84FF-C3FA3963D91B}.Release|Any CPU.Build.0 = Release|Any CPU
		{FFADBE35-7348-4B5F-BB41-A7FDC205834E}.Debug|Any CPU.ActiveCfg = Debug|Any CPU
		{FFADBE35-7348-4B5F-BB41-A7FDC205834E}.Debug|Any CPU.Build.0 = Debug|Any CPU
		{FFADBE35-7348-4B5F-BB41-A7FDC205834E}.Release|Any CPU.ActiveCfg = Release|Any CPU
		{FFADBE35-7348-4B5F-BB41-A7FDC205834E}.Release|Any CPU.Build.0 = Release|Any CPU
		{3270CEEB-8C6C-41B4-9146-B8100481A7A1}.Debug|Any CPU.ActiveCfg = Debug|Any CPU
		{3270CEEB-8C6C-41B4-9146-B8100481A7A1}.Debug|Any CPU.Build.0 = Debug|Any CPU
		{3270CEEB-8C6C-41B4-9146-B8100481A7A1}.Release|Any CPU.ActiveCfg = Release|Any CPU
		{3270CEEB-8C6C-41B4-9146-B8100481A7A1}.Release|Any CPU.Build.0 = Release|Any CPU
		{2F0928AA-55A6-4A1E-A32C-C197662ED5F0}.Debug|Any CPU.ActiveCfg = Debug|Any CPU
		{2F0928AA-55A6-4A1E-A32C-C197662ED5F0}.Debug|Any CPU.Build.0 = Debug|Any CPU
		{2F0928AA-55A6-4A1E-A32C-C197662ED5F0}.Release|Any CPU.ActiveCfg = Release|Any CPU
		{2F0928AA-55A6-4A1E-A32C-C197662ED5F0}.Release|Any CPU.Build.0 = Release|Any CPU
		{ED741132-4140-4D32-8898-54BDAEF1170F}.Debug|Any CPU.ActiveCfg = Debug|Any CPU
		{ED741132-4140-4D32-8898-54BDAEF1170F}.Debug|Any CPU.Build.0 = Debug|Any CPU
		{ED741132-4140-4D32-8898-54BDAEF1170F}.Release|Any CPU.ActiveCfg = Release|Any CPU
		{ED741132-4140-4D32-8898-54BDAEF1170F}.Release|Any CPU.Build.0 = Release|Any CPU
		{A15A9425-ABC6-4341-B290-82F7CB0F3681}.Debug|Any CPU.ActiveCfg = Debug|Any CPU
		{A15A9425-ABC6-4341-B290-82F7CB0F3681}.Debug|Any CPU.Build.0 = Debug|Any CPU
		{A15A9425-ABC6-4341-B290-82F7CB0F3681}.Release|Any CPU.ActiveCfg = Release|Any CPU
		{A15A9425-ABC6-4341-B290-82F7CB0F3681}.Release|Any CPU.Build.0 = Release|Any CPU
		{2A20C2EC-362C-46E9-9F52-71386645D8AF}.Debug|Any CPU.ActiveCfg = Debug|Any CPU
		{2A20C2EC-362C-46E9-9F52-71386645D8AF}.Debug|Any CPU.Build.0 = Debug|Any CPU
		{2A20C2EC-362C-46E9-9F52-71386645D8AF}.Release|Any CPU.ActiveCfg = Release|Any CPU
		{2A20C2EC-362C-46E9-9F52-71386645D8AF}.Release|Any CPU.Build.0 = Release|Any CPU
		{6E53760D-E271-4C45-A1E3-4C9DF8E19A65}.Debug|Any CPU.ActiveCfg = Debug|Any CPU
		{6E53760D-E271-4C45-A1E3-4C9DF8E19A65}.Debug|Any CPU.Build.0 = Debug|Any CPU
		{6E53760D-E271-4C45-A1E3-4C9DF8E19A65}.Release|Any CPU.ActiveCfg = Release|Any CPU
		{6E53760D-E271-4C45-A1E3-4C9DF8E19A65}.Release|Any CPU.Build.0 = Release|Any CPU
		{60A3C12A-255B-49D0-A2B2-6EE4E79C37E2}.Debug|Any CPU.ActiveCfg = Debug|Any CPU
		{60A3C12A-255B-49D0-A2B2-6EE4E79C37E2}.Debug|Any CPU.Build.0 = Debug|Any CPU
		{60A3C12A-255B-49D0-A2B2-6EE4E79C37E2}.Release|Any CPU.ActiveCfg = Release|Any CPU
		{60A3C12A-255B-49D0-A2B2-6EE4E79C37E2}.Release|Any CPU.Build.0 = Release|Any CPU
		{71CC9649-417B-48E2-821C-B6B393EF7865}.Debug|Any CPU.ActiveCfg = Debug|Any CPU
		{71CC9649-417B-48E2-821C-B6B393EF7865}.Debug|Any CPU.Build.0 = Debug|Any CPU
		{71CC9649-417B-48E2-821C-B6B393EF7865}.Release|Any CPU.ActiveCfg = Release|Any CPU
		{71CC9649-417B-48E2-821C-B6B393EF7865}.Release|Any CPU.Build.0 = Release|Any CPU
		{B0495609-CC15-41CD-AAA6-889DC495C8F9}.Debug|Any CPU.ActiveCfg = Debug|Any CPU
		{B0495609-CC15-41CD-AAA6-889DC495C8F9}.Debug|Any CPU.Build.0 = Debug|Any CPU
		{B0495609-CC15-41CD-AAA6-889DC495C8F9}.Release|Any CPU.ActiveCfg = Release|Any CPU
		{B0495609-CC15-41CD-AAA6-889DC495C8F9}.Release|Any CPU.Build.0 = Release|Any CPU
	EndGlobalSection
	GlobalSection(SolutionProperties) = preSolution
		HideSolutionNode = FALSE
	EndGlobalSection
	GlobalSection(NestedProjects) = preSolution
		{BDF5E96E-D471-4BF0-84E6-0C5F064B9B75} = {D97A72BE-AF80-4D7D-89FD-D8F6C63122ED}
		{F249A071-C107-47A3-84C3-FA96B6051A52} = {D97A72BE-AF80-4D7D-89FD-D8F6C63122ED}
		{27E1A1B7-80EA-44B0-856C-1EFCD30C059A} = {D97A72BE-AF80-4D7D-89FD-D8F6C63122ED}
		{3CD8C36F-706B-4476-9826-14986F4AA313} = {D97A72BE-AF80-4D7D-89FD-D8F6C63122ED}
		{A51DD5DA-92B6-4EBF-A6A5-B658789067EB} = {D97A72BE-AF80-4D7D-89FD-D8F6C63122ED}
		{73F69FE8-AB69-40A7-B4DF-C267C282FF0B} = {AC8BDDA1-E762-41F3-80B8-51E87FEA5354}
		{B86601A7-6F56-464D-83D2-E86B909A8DB9} = {AC8BDDA1-E762-41F3-80B8-51E87FEA5354}
		{69595138-5154-4CE9-B88B-FEF801A90DBE} = {AC8BDDA1-E762-41F3-80B8-51E87FEA5354}
		{7D67C7AC-1C4A-40F3-811E-B6BAAB54F521} = {AC8BDDA1-E762-41F3-80B8-51E87FEA5354}
		{615A4EBB-FE1F-4AD2-A185-5506B38290DF} = {AC8BDDA1-E762-41F3-80B8-51E87FEA5354}
		{68252AB0-6D0A-4F6A-8E82-B9B75A0BBF94} = {AC8BDDA1-E762-41F3-80B8-51E87FEA5354}
		{3F20777B-0373-42EA-84FF-C3FA3963D91B} = {AC8BDDA1-E762-41F3-80B8-51E87FEA5354}
		{FFADBE35-7348-4B5F-BB41-A7FDC205834E} = {AC8BDDA1-E762-41F3-80B8-51E87FEA5354}
		{3270CEEB-8C6C-41B4-9146-B8100481A7A1} = {AC8BDDA1-E762-41F3-80B8-51E87FEA5354}
		{2F0928AA-55A6-4A1E-A32C-C197662ED5F0} = {AC8BDDA1-E762-41F3-80B8-51E87FEA5354}
		{ED741132-4140-4D32-8898-54BDAEF1170F} = {AC8BDDA1-E762-41F3-80B8-51E87FEA5354}
		{A15A9425-ABC6-4341-B290-82F7CB0F3681} = {AC8BDDA1-E762-41F3-80B8-51E87FEA5354}
		{2A20C2EC-362C-46E9-9F52-71386645D8AF} = {53F1DAD7-3B8A-447C-858E-D37F52130C6D}
		{6E53760D-E271-4C45-A1E3-4C9DF8E19A65} = {53F1DAD7-3B8A-447C-858E-D37F52130C6D}
		{60A3C12A-255B-49D0-A2B2-6EE4E79C37E2} = {53F1DAD7-3B8A-447C-858E-D37F52130C6D}
		{71CC9649-417B-48E2-821C-B6B393EF7865} = {53F1DAD7-3B8A-447C-858E-D37F52130C6D}
		{B0495609-CC15-41CD-AAA6-889DC495C8F9} = {53F1DAD7-3B8A-447C-858E-D37F52130C6D}
	EndGlobalSection
	GlobalSection(ExtensibilityGlobals) = postSolution
		SolutionGuid = {7E22AF49-88CD-4319-BF50-C4FBFE112439}
	EndGlobalSection
EndGlobal
